
Microsoft Visual Studio Solution File, Format Version 12.00
# Visual Studio 15
VisualStudioVersion = 15.0.27130.0
MinimumVisualStudioVersion = 10.0.40219.1
Project("{2150E333-8FDC-42A3-9474-1A3956D46DE8}") = "1 - Presentation", "1 - Presentation", "{61B71C84-C70B-462B-B101-62E058C0CCCE}"
EndProject
Project("{2150E333-8FDC-42A3-9474-1A3956D46DE8}") = "2 - Application", "2 - Application", "{56402232-C979-449B-8286-CEBA37980364}"
EndProject
Project("{2150E333-8FDC-42A3-9474-1A3956D46DE8}") = "3 - Domain", "3 - Domain", "{7C5EC28E-600F-4F46-8376-58309DD7A8F5}"
EndProject
Project("{2150E333-8FDC-42A3-9474-1A3956D46DE8}") = "4 - Infra", "4 - Infra", "{EC8CA7DD-8E83-4019-8C07-988796D30188}"
EndProject
Project("{2150E333-8FDC-42A3-9474-1A3956D46DE8}") = "4.1 - Data", "4.1 - Data", "{E245ECF0-E6D2-4B25-B404-C1DA20818748}"
EndProject
Project("{2150E333-8FDC-42A3-9474-1A3956D46DE8}") = "4.2 - CrossCutingIoC", "4.2 - CrossCutingIoC", "{6EAA49F5-D064-418F-A8F5-A0B726DEE945}"
EndProject
Project("{2150E333-8FDC-42A3-9474-1A3956D46DE8}") = "4.3 - Security", "4.3 - Security", "{6B288483-4635-4A81-BF8A-D592C345DEC1}"
EndProject
Project("{FAE04EC0-301F-11D3-BF4B-00C04F79EFBC}") = "IntraNet.Security", "IntraNet.Security\IntraNet.Security.csproj", "{957B55BF-7C9E-46D4-9A1D-C275F4B00CCA}"
EndProject
Project("{FAE04EC0-301F-11D3-BF4B-00C04F79EFBC}") = "IntraNet.CrossCutingIoC", "IntraNet.CrossCutingIoC\IntraNet.CrossCutingIoC.csproj", "{FFA86783-5BA0-4266-A8B5-28FE534D33D3}"
EndProject
Project("{FAE04EC0-301F-11D3-BF4B-00C04F79EFBC}") = "IntraNet.Data", "IntraNet.Data\IntraNet.Data.csproj", "{377FB730-D8FB-4857-B3CC-04EFCFBAE06A}"
EndProject
Project("{FAE04EC0-301F-11D3-BF4B-00C04F79EFBC}") = "IntraNet.Domain", "IntraNet.Domain\IntraNet.Domain.csproj", "{867B3E5D-A4E9-4557-93C8-21659E9810BC}"
EndProject
Project("{FAE04EC0-301F-11D3-BF4B-00C04F79EFBC}") = "IntraNet.Mod.RDV", "IntraNet.Mod.RDV\IntraNet.Mod.RDV.csproj", "{A7EFD67B-521C-47BD-B452-71C3E492BDE9}"
EndProject
Project("{FAE04EC0-301F-11D3-BF4B-00C04F79EFBC}") = "IntraNet.Reports", "IntraNet.Reports\IntraNet.Reports.csproj", "{178332E8-4AF5-43CC-81D7-B756D81EE9EF}"
EndProject
Project("{FAE04EC0-301F-11D3-BF4B-00C04F79EFBC}") = "IntraNet.Mod.SGR", "IntraNet.Mod.SGR\IntraNet.Mod.SGR.csproj", "{5751829C-73C7-467B-8E1D-2B0B9B9582DF}"
EndProject
Global
	GlobalSection(SolutionConfigurationPlatforms) = preSolution
		Debug|Any CPU = Debug|Any CPU
		Release|Any CPU = Release|Any CPU
	EndGlobalSection
	GlobalSection(ProjectConfigurationPlatforms) = postSolution
		{957B55BF-7C9E-46D4-9A1D-C275F4B00CCA}.Debug|Any CPU.ActiveCfg = Debug|Any CPU
		{957B55BF-7C9E-46D4-9A1D-C275F4B00CCA}.Debug|Any CPU.Build.0 = Debug|Any CPU
		{957B55BF-7C9E-46D4-9A1D-C275F4B00CCA}.Release|Any CPU.ActiveCfg = Release|Any CPU
		{957B55BF-7C9E-46D4-9A1D-C275F4B00CCA}.Release|Any CPU.Build.0 = Release|Any CPU
		{FFA86783-5BA0-4266-A8B5-28FE534D33D3}.Debug|Any CPU.ActiveCfg = Debug|Any CPU
		{FFA86783-5BA0-4266-A8B5-28FE534D33D3}.Debug|Any CPU.Build.0 = Debug|Any CPU
		{FFA86783-5BA0-4266-A8B5-28FE534D33D3}.Release|Any CPU.ActiveCfg = Release|Any CPU
		{FFA86783-5BA0-4266-A8B5-28FE534D33D3}.Release|Any CPU.Build.0 = Release|Any CPU
		{377FB730-D8FB-4857-B3CC-04EFCFBAE06A}.Debug|Any CPU.ActiveCfg = Debug|Any CPU
		{377FB730-D8FB-4857-B3CC-04EFCFBAE06A}.Debug|Any CPU.Build.0 = Debug|Any CPU
		{377FB730-D8FB-4857-B3CC-04EFCFBAE06A}.Release|Any CPU.ActiveCfg = Release|Any CPU
		{377FB730-D8FB-4857-B3CC-04EFCFBAE06A}.Release|Any CPU.Build.0 = Release|Any CPU
		{867B3E5D-A4E9-4557-93C8-21659E9810BC}.Debug|Any CPU.ActiveCfg = Debug|Any CPU
		{867B3E5D-A4E9-4557-93C8-21659E9810BC}.Debug|Any CPU.Build.0 = Debug|Any CPU
		{867B3E5D-A4E9-4557-93C8-21659E9810BC}.Release|Any CPU.ActiveCfg = Release|Any CPU
		{867B3E5D-A4E9-4557-93C8-21659E9810BC}.Release|Any CPU.Build.0 = Release|Any CPU
		{A7EFD67B-521C-47BD-B452-71C3E492BDE9}.Debug|Any CPU.ActiveCfg = Debug|Any CPU
		{A7EFD67B-521C-47BD-B452-71C3E492BDE9}.Debug|Any CPU.Build.0 = Debug|Any CPU
		{A7EFD67B-521C-47BD-B452-71C3E492BDE9}.Release|Any CPU.ActiveCfg = Release|Any CPU
		{A7EFD67B-521C-47BD-B452-71C3E492BDE9}.Release|Any CPU.Build.0 = Release|Any CPU
		{178332E8-4AF5-43CC-81D7-B756D81EE9EF}.Debug|Any CPU.ActiveCfg = Debug|Any CPU
		{178332E8-4AF5-43CC-81D7-B756D81EE9EF}.Debug|Any CPU.Build.0 = Debug|Any CPU
		{178332E8-4AF5-43CC-81D7-B756D81EE9EF}.Release|Any CPU.ActiveCfg = Release|Any CPU
		{178332E8-4AF5-43CC-81D7-B756D81EE9EF}.Release|Any CPU.Build.0 = Release|Any CPU
		{5751829C-73C7-467B-8E1D-2B0B9B9582DF}.Debug|Any CPU.ActiveCfg = Debug|Any CPU
		{5751829C-73C7-467B-8E1D-2B0B9B9582DF}.Debug|Any CPU.Build.0 = Debug|Any CPU
		{5751829C-73C7-467B-8E1D-2B0B9B9582DF}.Release|Any CPU.ActiveCfg = Release|Any CPU
		{5751829C-73C7-467B-8E1D-2B0B9B9582DF}.Release|Any CPU.Build.0 = Release|Any CPU
	EndGlobalSection
	GlobalSection(SolutionProperties) = preSolution
		HideSolutionNode = FALSE
	EndGlobalSection
	GlobalSection(NestedProjects) = preSolution
		{E245ECF0-E6D2-4B25-B404-C1DA20818748} = {EC8CA7DD-8E83-4019-8C07-988796D30188}
		{6EAA49F5-D064-418F-A8F5-A0B726DEE945} = {EC8CA7DD-8E83-4019-8C07-988796D30188}
		{6B288483-4635-4A81-BF8A-D592C345DEC1} = {EC8CA7DD-8E83-4019-8C07-988796D30188}
		{957B55BF-7C9E-46D4-9A1D-C275F4B00CCA} = {6B288483-4635-4A81-BF8A-D592C345DEC1}
		{FFA86783-5BA0-4266-A8B5-28FE534D33D3} = {6EAA49F5-D064-418F-A8F5-A0B726DEE945}
		{377FB730-D8FB-4857-B3CC-04EFCFBAE06A} = {E245ECF0-E6D2-4B25-B404-C1DA20818748}
		{867B3E5D-A4E9-4557-93C8-21659E9810BC} = {7C5EC28E-600F-4F46-8376-58309DD7A8F5}
		{A7EFD67B-521C-47BD-B452-71C3E492BDE9} = {61B71C84-C70B-462B-B101-62E058C0CCCE}
		{178332E8-4AF5-43CC-81D7-B756D81EE9EF} = {56402232-C979-449B-8286-CEBA37980364}
		{5751829C-73C7-467B-8E1D-2B0B9B9582DF} = {61B71C84-C70B-462B-B101-62E058C0CCCE}
	EndGlobalSection
	GlobalSection(ExtensibilityGlobals) = postSolution
		SolutionGuid = {710D29EE-8617-4750-A896-D246507C787C}
	EndGlobalSection
EndGlobal
